
Microsoft Visual Studio Solution File, Format Version 12.00
# Visual Studio Version 16
VisualStudioVersion = 16.0.31911.196
MinimumVisualStudioVersion = 10.0.40219.1
Project("{2150E333-8FDC-42A3-9474-1A3956D46DE8}") = "src", "src", "{284E109D-1874-4687-822B-97A3BEC23A26}"
EndProject
Project("{2150E333-8FDC-42A3-9474-1A3956D46DE8}") = "Api", "Api", "{D9BC8D65-C92E-4FC1-B052-A012D1BD1F46}"
EndProject
Project("{FAE04EC0-301F-11D3-BF4B-00C04F79EFBC}") = "Api", "Api\Api.csproj", "{D9D26D76-EFB5-4DFF-9F61-ED5D8F95D3EC}"
	ProjectSection(ProjectDependencies) = postProject
		{D852C287-8D6A-46D3-A3FF-3F92B2AD8D4F} = {D852C287-8D6A-46D3-A3FF-3F92B2AD8D4F}
		{AC0CB6A7-6069-443A-86BA-C133847574F8} = {AC0CB6A7-6069-443A-86BA-C133847574F8}
	EndProjectSection
EndProject
Project("{2150E333-8FDC-42A3-9474-1A3956D46DE8}") = "IoC", "IoC", "{98AFE669-A11F-48F0-A26A-C2955065841E}"
EndProject
Project("{FAE04EC0-301F-11D3-BF4B-00C04F79EFBC}") = "CrossCutting.IoC", "CrossCutting.IoC\CrossCutting.IoC.csproj", "{AC0CB6A7-6069-443A-86BA-C133847574F8}"
	ProjectSection(ProjectDependencies) = postProject
		{6052307B-2B14-4101-A9F6-772A7AC073D5} = {6052307B-2B14-4101-A9F6-772A7AC073D5}
		{D852C287-8D6A-46D3-A3FF-3F92B2AD8D4F} = {D852C287-8D6A-46D3-A3FF-3F92B2AD8D4F}
		{4099B1E5-FBEA-43B6-A970-19D9F4E4A341} = {4099B1E5-FBEA-43B6-A970-19D9F4E4A341}
		{4BA93FF1-DFA9-4B0F-9B4A-300724E9A695} = {4BA93FF1-DFA9-4B0F-9B4A-300724E9A695}
	EndProjectSection
EndProject
Project("{2150E333-8FDC-42A3-9474-1A3956D46DE8}") = "Application", "Application", "{E01271E5-9964-47F0-A266-947C71518DCD}"
EndProject
Project("{2150E333-8FDC-42A3-9474-1A3956D46DE8}") = "Domain", "Domain", "{6E094F50-755A-415D-A9B9-93982C193AB6}"
EndProject
Project("{2150E333-8FDC-42A3-9474-1A3956D46DE8}") = "Infrastructure", "Infrastructure", "{F0AF548C-0561-4E08-B1E7-3D00197B2547}"
EndProject
Project("{2150E333-8FDC-42A3-9474-1A3956D46DE8}") = "Services", "Services", "{CE6908B3-4C6E-4D63-A1EA-BE96202BEF06}"
EndProject
Project("{FAE04EC0-301F-11D3-BF4B-00C04F79EFBC}") = "Application", "Application\Application.csproj", "{D852C287-8D6A-46D3-A3FF-3F92B2AD8D4F}"
	ProjectSection(ProjectDependencies) = postProject
		{4099B1E5-FBEA-43B6-A970-19D9F4E4A341} = {4099B1E5-FBEA-43B6-A970-19D9F4E4A341}
	EndProjectSection
EndProject
Project("{FAE04EC0-301F-11D3-BF4B-00C04F79EFBC}") = "Domain", "Domain\Domain.csproj", "{4099B1E5-FBEA-43B6-A970-19D9F4E4A341}"
EndProject
Project("{FAE04EC0-301F-11D3-BF4B-00C04F79EFBC}") = "Infrastructure", "Infrastructure\Infrastructure.csproj", "{6052307B-2B14-4101-A9F6-772A7AC073D5}"
	ProjectSection(ProjectDependencies) = postProject
		{D852C287-8D6A-46D3-A3FF-3F92B2AD8D4F} = {D852C287-8D6A-46D3-A3FF-3F92B2AD8D4F}
		{4099B1E5-FBEA-43B6-A970-19D9F4E4A341} = {4099B1E5-FBEA-43B6-A970-19D9F4E4A341}
	EndProjectSection
EndProject
Project("{FAE04EC0-301F-11D3-BF4B-00C04F79EFBC}") = "Services", "Services\Services.csproj", "{4BA93FF1-DFA9-4B0F-9B4A-300724E9A695}"
	ProjectSection(ProjectDependencies) = postProject
		{6052307B-2B14-4101-A9F6-772A7AC073D5} = {6052307B-2B14-4101-A9F6-772A7AC073D5}
		{D852C287-8D6A-46D3-A3FF-3F92B2AD8D4F} = {D852C287-8D6A-46D3-A3FF-3F92B2AD8D4F}
		{4099B1E5-FBEA-43B6-A970-19D9F4E4A341} = {4099B1E5-FBEA-43B6-A970-19D9F4E4A341}
	EndProjectSection
EndProject
Global
	GlobalSection(SolutionConfigurationPlatforms) = preSolution
		Debug|Any CPU = Debug|Any CPU
		Release|Any CPU = Release|Any CPU
	EndGlobalSection
	GlobalSection(ProjectConfigurationPlatforms) = postSolution
		{D9D26D76-EFB5-4DFF-9F61-ED5D8F95D3EC}.Debug|Any CPU.ActiveCfg = Debug|Any CPU
		{D9D26D76-EFB5-4DFF-9F61-ED5D8F95D3EC}.Debug|Any CPU.Build.0 = Debug|Any CPU
		{D9D26D76-EFB5-4DFF-9F61-ED5D8F95D3EC}.Release|Any CPU.ActiveCfg = Release|Any CPU
		{D9D26D76-EFB5-4DFF-9F61-ED5D8F95D3EC}.Release|Any CPU.Build.0 = Release|Any CPU
		{AC0CB6A7-6069-443A-86BA-C133847574F8}.Debug|Any CPU.ActiveCfg = Debug|Any CPU
		{AC0CB6A7-6069-443A-86BA-C133847574F8}.Debug|Any CPU.Build.0 = Debug|Any CPU
		{AC0CB6A7-6069-443A-86BA-C133847574F8}.Release|Any CPU.ActiveCfg = Release|Any CPU
		{AC0CB6A7-6069-443A-86BA-C133847574F8}.Release|Any CPU.Build.0 = Release|Any CPU
		{D852C287-8D6A-46D3-A3FF-3F92B2AD8D4F}.Debug|Any CPU.ActiveCfg = Debug|Any CPU
		{D852C287-8D6A-46D3-A3FF-3F92B2AD8D4F}.Debug|Any CPU.Build.0 = Debug|Any CPU
		{D852C287-8D6A-46D3-A3FF-3F92B2AD8D4F}.Release|Any CPU.ActiveCfg = Release|Any CPU
		{D852C287-8D6A-46D3-A3FF-3F92B2AD8D4F}.Release|Any CPU.Build.0 = Release|Any CPU
		{4099B1E5-FBEA-43B6-A970-19D9F4E4A341}.Debug|Any CPU.ActiveCfg = Debug|Any CPU
		{4099B1E5-FBEA-43B6-A970-19D9F4E4A341}.Debug|Any CPU.Build.0 = Debug|Any CPU
		{4099B1E5-FBEA-43B6-A970-19D9F4E4A341}.Release|Any CPU.ActiveCfg = Release|Any CPU
		{4099B1E5-FBEA-43B6-A970-19D9F4E4A341}.Release|Any CPU.Build.0 = Release|Any CPU
		{6052307B-2B14-4101-A9F6-772A7AC073D5}.Debug|Any CPU.ActiveCfg = Debug|Any CPU
		{6052307B-2B14-4101-A9F6-772A7AC073D5}.Debug|Any CPU.Build.0 = Debug|Any CPU
		{6052307B-2B14-4101-A9F6-772A7AC073D5}.Release|Any CPU.ActiveCfg = Release|Any CPU
		{6052307B-2B14-4101-A9F6-772A7AC073D5}.Release|Any CPU.Build.0 = Release|Any CPU
		{4BA93FF1-DFA9-4B0F-9B4A-300724E9A695}.Debug|Any CPU.ActiveCfg = Debug|Any CPU
		{4BA93FF1-DFA9-4B0F-9B4A-300724E9A695}.Debug|Any CPU.Build.0 = Debug|Any CPU
		{4BA93FF1-DFA9-4B0F-9B4A-300724E9A695}.Release|Any CPU.ActiveCfg = Release|Any CPU
		{4BA93FF1-DFA9-4B0F-9B4A-300724E9A695}.Release|Any CPU.Build.0 = Release|Any CPU
	EndGlobalSection
	GlobalSection(SolutionProperties) = preSolution
		HideSolutionNode = FALSE
	EndGlobalSection
	GlobalSection(NestedProjects) = preSolution
		{D9BC8D65-C92E-4FC1-B052-A012D1BD1F46} = {284E109D-1874-4687-822B-97A3BEC23A26}
		{D9D26D76-EFB5-4DFF-9F61-ED5D8F95D3EC} = {D9BC8D65-C92E-4FC1-B052-A012D1BD1F46}
		{98AFE669-A11F-48F0-A26A-C2955065841E} = {284E109D-1874-4687-822B-97A3BEC23A26}
		{AC0CB6A7-6069-443A-86BA-C133847574F8} = {98AFE669-A11F-48F0-A26A-C2955065841E}
		{E01271E5-9964-47F0-A266-947C71518DCD} = {284E109D-1874-4687-822B-97A3BEC23A26}
		{6E094F50-755A-415D-A9B9-93982C193AB6} = {284E109D-1874-4687-822B-97A3BEC23A26}
		{F0AF548C-0561-4E08-B1E7-3D00197B2547} = {284E109D-1874-4687-822B-97A3BEC23A26}
		{CE6908B3-4C6E-4D63-A1EA-BE96202BEF06} = {284E109D-1874-4687-822B-97A3BEC23A26}
		{D852C287-8D6A-46D3-A3FF-3F92B2AD8D4F} = {E01271E5-9964-47F0-A266-947C71518DCD}
		{4099B1E5-FBEA-43B6-A970-19D9F4E4A341} = {6E094F50-755A-415D-A9B9-93982C193AB6}
		{6052307B-2B14-4101-A9F6-772A7AC073D5} = {F0AF548C-0561-4E08-B1E7-3D00197B2547}
		{4BA93FF1-DFA9-4B0F-9B4A-300724E9A695} = {CE6908B3-4C6E-4D63-A1EA-BE96202BEF06}
	EndGlobalSection
	GlobalSection(ExtensibilityGlobals) = postSolution
		SolutionGuid = {621E06F5-64E8-49A0-B1DF-B9A80CE41C28}
	EndGlobalSection
EndGlobal
